
Microsoft Visual Studio Solution File, Format Version 12.00
# Visual Studio Version 17
VisualStudioVersion = 17.4.33110.190
MinimumVisualStudioVersion = 10.0.40219.1
Project("{9A19103F-16F7-4668-BE54-9A1E7A4F7556}") = "Day1", "Day1\Day1.csproj", "{F36A9CCA-BBED-47D5-85B0-B77C2BA79932}"
EndProject
Project("{9A19103F-16F7-4668-BE54-9A1E7A4F7556}") = "Day2", "Day2\Day2.csproj", "{FBA17BB8-B4BC-4137-88B2-5825F4241689}"
EndProject
Project("{9A19103F-16F7-4668-BE54-9A1E7A4F7556}") = "Day3", "Day3\Day3.csproj", "{11856461-7737-41C8-B7EA-E41B9B5055F4}"
EndProject
Project("{9A19103F-16F7-4668-BE54-9A1E7A4F7556}") = "Day4", "Day4\Day4.csproj", "{F640833A-4537-405D-9A2B-FE132F9B168A}"
EndProject
Project("{9A19103F-16F7-4668-BE54-9A1E7A4F7556}") = "Day5", "Day5\Day5.csproj", "{5628776A-EA5C-4645-9E17-F698D3708C9E}"
EndProject
Project("{9A19103F-16F7-4668-BE54-9A1E7A4F7556}") = "Day6", "Day6\Day6.csproj", "{18CF9C64-C80D-4831-923F-AC039E5E2B2A}"
EndProject
Project("{9A19103F-16F7-4668-BE54-9A1E7A4F7556}") = "Day7", "Day7\Day7.csproj", "{6DF46B49-DF99-433D-87C0-72F07BE27C98}"
EndProject
Project("{9A19103F-16F7-4668-BE54-9A1E7A4F7556}") = "Day8", "Day8\Day8.csproj", "{F252EF62-DD95-4F59-978F-6540B5F21C4F}"
EndProject
Project("{9A19103F-16F7-4668-BE54-9A1E7A4F7556}") = "Day9", "Day9\Day9.csproj", "{D9972165-ED96-4573-B03D-6CBF0FF008D2}"
EndProject
Project("{9A19103F-16F7-4668-BE54-9A1E7A4F7556}") = "Day10", "Day10\Day10.csproj", "{EF0BAEC2-DE7E-474E-9C88-CACDCF272625}"
EndProject
Project("{2150E333-8FDC-42A3-9474-1A3956D46DE8}") = "1-9", "1-9", "{13EB63B2-5934-4128-AE5D-220F694A3EBE}"
EndProject
Project("{2150E333-8FDC-42A3-9474-1A3956D46DE8}") = "10-19", "10-19", "{F7F6B737-E10F-4570-A58F-C8880289C0C8}"
EndProject
Project("{2150E333-8FDC-42A3-9474-1A3956D46DE8}") = "20-25", "20-25", "{E97F02AF-DEB1-4076-A045-1BBF5A256790}"
EndProject
Project("{FAE04EC0-301F-11D3-BF4B-00C04F79EFBC}") = "Day11", "Day11\Day11.csproj", "{08C63BA2-5537-4C7B-9881-08BABC96B438}"
EndProject
Global
	GlobalSection(SolutionConfigurationPlatforms) = preSolution
		Debug|Any CPU = Debug|Any CPU
		Release|Any CPU = Release|Any CPU
	EndGlobalSection
	GlobalSection(ProjectConfigurationPlatforms) = postSolution
		{F36A9CCA-BBED-47D5-85B0-B77C2BA79932}.Debug|Any CPU.ActiveCfg = Debug|Any CPU
		{F36A9CCA-BBED-47D5-85B0-B77C2BA79932}.Debug|Any CPU.Build.0 = Debug|Any CPU
		{F36A9CCA-BBED-47D5-85B0-B77C2BA79932}.Release|Any CPU.ActiveCfg = Release|Any CPU
		{F36A9CCA-BBED-47D5-85B0-B77C2BA79932}.Release|Any CPU.Build.0 = Release|Any CPU
		{FBA17BB8-B4BC-4137-88B2-5825F4241689}.Debug|Any CPU.ActiveCfg = Debug|Any CPU
		{FBA17BB8-B4BC-4137-88B2-5825F4241689}.Debug|Any CPU.Build.0 = Debug|Any CPU
		{FBA17BB8-B4BC-4137-88B2-5825F4241689}.Release|Any CPU.ActiveCfg = Release|Any CPU
		{FBA17BB8-B4BC-4137-88B2-5825F4241689}.Release|Any CPU.Build.0 = Release|Any CPU
		{11856461-7737-41C8-B7EA-E41B9B5055F4}.Debug|Any CPU.ActiveCfg = Debug|Any CPU
		{11856461-7737-41C8-B7EA-E41B9B5055F4}.Debug|Any CPU.Build.0 = Debug|Any CPU
		{11856461-7737-41C8-B7EA-E41B9B5055F4}.Release|Any CPU.ActiveCfg = Release|Any CPU
		{11856461-7737-41C8-B7EA-E41B9B5055F4}.Release|Any CPU.Build.0 = Release|Any CPU
		{F640833A-4537-405D-9A2B-FE132F9B168A}.Debug|Any CPU.ActiveCfg = Debug|Any CPU
		{F640833A-4537-405D-9A2B-FE132F9B168A}.Debug|Any CPU.Build.0 = Debug|Any CPU
		{F640833A-4537-405D-9A2B-FE132F9B168A}.Release|Any CPU.ActiveCfg = Release|Any CPU
		{F640833A-4537-405D-9A2B-FE132F9B168A}.Release|Any CPU.Build.0 = Release|Any CPU
		{5628776A-EA5C-4645-9E17-F698D3708C9E}.Debug|Any CPU.ActiveCfg = Debug|Any CPU
		{5628776A-EA5C-4645-9E17-F698D3708C9E}.Debug|Any CPU.Build.0 = Debug|Any CPU
		{5628776A-EA5C-4645-9E17-F698D3708C9E}.Release|Any CPU.ActiveCfg = Release|Any CPU
		{5628776A-EA5C-4645-9E17-F698D3708C9E}.Release|Any CPU.Build.0 = Release|Any CPU
		{18CF9C64-C80D-4831-923F-AC039E5E2B2A}.Debug|Any CPU.ActiveCfg = Debug|Any CPU
		{18CF9C64-C80D-4831-923F-AC039E5E2B2A}.Debug|Any CPU.Build.0 = Debug|Any CPU
		{18CF9C64-C80D-4831-923F-AC039E5E2B2A}.Release|Any CPU.ActiveCfg = Release|Any CPU
		{18CF9C64-C80D-4831-923F-AC039E5E2B2A}.Release|Any CPU.Build.0 = Release|Any CPU
		{6DF46B49-DF99-433D-87C0-72F07BE27C98}.Debug|Any CPU.ActiveCfg = Debug|Any CPU
		{6DF46B49-DF99-433D-87C0-72F07BE27C98}.Debug|Any CPU.Build.0 = Debug|Any CPU
		{6DF46B49-DF99-433D-87C0-72F07BE27C98}.Release|Any CPU.ActiveCfg = Release|Any CPU
		{6DF46B49-DF99-433D-87C0-72F07BE27C98}.Release|Any CPU.Build.0 = Release|Any CPU
		{F252EF62-DD95-4F59-978F-6540B5F21C4F}.Debug|Any CPU.ActiveCfg = Debug|Any CPU
		{F252EF62-DD95-4F59-978F-6540B5F21C4F}.Debug|Any CPU.Build.0 = Debug|Any CPU
		{F252EF62-DD95-4F59-978F-6540B5F21C4F}.Release|Any CPU.ActiveCfg = Release|Any CPU
		{F252EF62-DD95-4F59-978F-6540B5F21C4F}.Release|Any CPU.Build.0 = Release|Any CPU
		{D9972165-ED96-4573-B03D-6CBF0FF008D2}.Debug|Any CPU.ActiveCfg = Debug|Any CPU
		{D9972165-ED96-4573-B03D-6CBF0FF008D2}.Debug|Any CPU.Build.0 = Debug|Any CPU
		{D9972165-ED96-4573-B03D-6CBF0FF008D2}.Release|Any CPU.ActiveCfg = Release|Any CPU
		{D9972165-ED96-4573-B03D-6CBF0FF008D2}.Release|Any CPU.Build.0 = Release|Any CPU
		{EF0BAEC2-DE7E-474E-9C88-CACDCF272625}.Debug|Any CPU.ActiveCfg = Debug|Any CPU
		{EF0BAEC2-DE7E-474E-9C88-CACDCF272625}.Debug|Any CPU.Build.0 = Debug|Any CPU
		{EF0BAEC2-DE7E-474E-9C88-CACDCF272625}.Release|Any CPU.ActiveCfg = Release|Any CPU
		{EF0BAEC2-DE7E-474E-9C88-CACDCF272625}.Release|Any CPU.Build.0 = Release|Any CPU
		{08C63BA2-5537-4C7B-9881-08BABC96B438}.Debug|Any CPU.ActiveCfg = Debug|Any CPU
		{08C63BA2-5537-4C7B-9881-08BABC96B438}.Debug|Any CPU.Build.0 = Debug|Any CPU
		{08C63BA2-5537-4C7B-9881-08BABC96B438}.Release|Any CPU.ActiveCfg = Release|Any CPU
		{08C63BA2-5537-4C7B-9881-08BABC96B438}.Release|Any CPU.Build.0 = Release|Any CPU
	EndGlobalSection
	GlobalSection(SolutionProperties) = preSolution
		HideSolutionNode = FALSE
	EndGlobalSection
	GlobalSection(NestedProjects) = preSolution
		{F36A9CCA-BBED-47D5-85B0-B77C2BA79932} = {13EB63B2-5934-4128-AE5D-220F694A3EBE}
		{FBA17BB8-B4BC-4137-88B2-5825F4241689} = {13EB63B2-5934-4128-AE5D-220F694A3EBE}
		{11856461-7737-41C8-B7EA-E41B9B5055F4} = {13EB63B2-5934-4128-AE5D-220F694A3EBE}
		{F640833A-4537-405D-9A2B-FE132F9B168A} = {13EB63B2-5934-4128-AE5D-220F694A3EBE}
		{5628776A-EA5C-4645-9E17-F698D3708C9E} = {13EB63B2-5934-4128-AE5D-220F694A3EBE}
		{18CF9C64-C80D-4831-923F-AC039E5E2B2A} = {13EB63B2-5934-4128-AE5D-220F694A3EBE}
		{6DF46B49-DF99-433D-87C0-72F07BE27C98} = {13EB63B2-5934-4128-AE5D-220F694A3EBE}
		{F252EF62-DD95-4F59-978F-6540B5F21C4F} = {13EB63B2-5934-4128-AE5D-220F694A3EBE}
		{D9972165-ED96-4573-B03D-6CBF0FF008D2} = {13EB63B2-5934-4128-AE5D-220F694A3EBE}
		{EF0BAEC2-DE7E-474E-9C88-CACDCF272625} = {F7F6B737-E10F-4570-A58F-C8880289C0C8}
		{08C63BA2-5537-4C7B-9881-08BABC96B438} = {F7F6B737-E10F-4570-A58F-C8880289C0C8}
	EndGlobalSection
	GlobalSection(ExtensibilityGlobals) = postSolution
		SolutionGuid = {18969A41-1763-4FC3-AF9F-8D94199D8F81}
	EndGlobalSection
EndGlobal
